
Microsoft Visual Studio Solution File, Format Version 12.00
# Visual Studio 2013
VisualStudioVersion = 12.0.31101.0
MinimumVisualStudioVersion = 10.0.40219.1
Project("{8BC9CEB8-8B4A-11D0-8D11-00A0C91BC942}") = "BSS_TILT_XRAY", "BSS_TILT_XRAY.vcxproj", "{234FF9E1-B66B-4ED3-9F08-5062EEDBE0FE}"
EndProject
Global
	GlobalSection(SolutionConfigurationPlatforms) = preSolution
		Debug|Win32 = Debug|Win32
		Release|Win32 = Release|Win32
	EndGlobalSection
	GlobalSection(ProjectConfigurationPlatforms) = postSolution
		{234FF9E1-B66B-4ED3-9F08-5062EEDBE0FE}.Debug|Win32.ActiveCfg = Debug|Win32
		{234FF9E1-B66B-4ED3-9F08-5062EEDBE0FE}.Debug|Win32.Build.0 = Debug|Win32
		{234FF9E1-B66B-4ED3-9F08-5062EEDBE0FE}.Release|Win32.ActiveCfg = Release|Win32
		{234FF9E1-B66B-4ED3-9F08-5062EEDBE0FE}.Release|Win32.Build.0 = Release|Win32
	EndGlobalSection
	GlobalSection(SolutionProperties) = preSolution
		HideSolutionNode = FALSE
	EndGlobalSection
EndGlobal
